# This file is autogenerated, do not edit; changes may be undone by the next 'dep ensure'.


[[projects]]
  digest = "1:03168f6041f164c06dc6acaaab4ed3ad1c6088b717c365cec892b35c80f4ffc7"
  name = "github.com/gorilla/websocket"
  packages = ["."]
  pruneopts = ""
  revision = "c3e18be99d19e6b3e8f1559eea2c161a665c4b6b"
  version = "v1.4.1"

[[projects]]
  branch = "master"
  digest = "1:f2f7d256ef5dba3ed9e22910b5810fb9c603045d1cc65b32d51156c92f50fc2b"
  name = "github.com/kelseyhightower/envconfig"
  packages = ["."]
  pruneopts = ""
  revision = "462fda1f11d8cad3660e52737b8beefd27acfb3f"

[[projects]]
  digest = "1:c45802472e0c06928cd997661f2af610accd85217023b1d5f6331bebce0671d3"
  name = "github.com/pkg/errors"
  packages = ["."]
  pruneopts = ""
  revision = "614d223910a179a466c1767a985424175c39b465"
  version = "v0.9.1"

[[projects]]
  branch = "master"
  digest = "1:57db4c5900d63157c3095dcd4b969f9424e93f05bd9345d20db553b179e268f3"
  name = "github.com/seehuhn/mt19937"
  packages = ["."]
  pruneopts = ""
  revision = "d07252b9f9df0ef5c7962d97b77ba058b572c624"

[[projects]]
  branch = "master"
  digest = "1:167ac27f12003b985a9cf09273fddd5c71d70de2bb8c0fd733afe715f97df6ff"
  name = "github.com/slack-go/slack"
  packages = [
    ".",
    "internal/errorsx",
    "internal/timex",
    "slackevents",
    "slackutilsx",
  ]
  pruneopts = ""
  revision = "5c56cf17c6c314bfb57e0378fe4f4000a0b6354d"

[solve-meta]
  analyzer-name = "dep"
  analyzer-version = 1
  input-imports = [
    "github.com/kelseyhightower/envconfig",
    "github.com/seehuhn/mt19937",
    "github.com/slack-go/slack",
    "github.com/slack-go/slack/slackevents",
  ]
  solver-name = "gps-cdcl"
  solver-version = 1
